
Microsoft Visual Studio Solution File, Format Version 12.00
# Visual Studio Version 17
VisualStudioVersion = 17.1.32407.343
MinimumVisualStudioVersion = 10.0.40219.1
Project("{FAE04EC0-301F-11D3-BF4B-00C04F79EFBC}") = "Project2", "Project2.csproj", "{C501E60E-20C6-47D2-BF79-6B8CFDB7712C}"
EndProject
Global
	GlobalSection(SolutionConfigurationPlatforms) = preSolution
		Debug|Any CPU = Debug|Any CPU
		Release|Any CPU = Release|Any CPU
	EndGlobalSection
	GlobalSection(ProjectConfigurationPlatforms) = postSolution
		{C501E60E-20C6-47D2-BF79-6B8CFDB7712C}.Debug|Any CPU.ActiveCfg = Debug|Any CPU
		{C501E60E-20C6-47D2-BF79-6B8CFDB7712C}.Debug|Any CPU.Build.0 = Debug|Any CPU
		{C501E60E-20C6-47D2-BF79-6B8CFDB7712C}.Release|Any CPU.ActiveCfg = Release|Any CPU
		{C501E60E-20C6-47D2-BF79-6B8CFDB7712C}.Release|Any CPU.Build.0 = Release|Any CPU
	EndGlobalSection
	GlobalSection(SolutionProperties) = preSolution
		HideSolutionNode = FALSE
	EndGlobalSection
	GlobalSection(ExtensibilityGlobals) = postSolution
		SolutionGuid = {E7C5CD29-9F73-4711-9973-6259204F1F3E}
	EndGlobalSection
EndGlobal
